
Microsoft Visual Studio Solution File, Format Version 12.00
# Visual Studio Version 17
VisualStudioVersion = 17.11.35327.3
MinimumVisualStudioVersion = 10.0.40219.1
Project("{FAE04EC0-301F-11D3-BF4B-00C04F79EFBC}") = "formulario", "formulario\formulario.csproj", "{88D6DD1D-B452-4BCE-BDA8-0B0353DFDD68}"
EndProject
Global
	GlobalSection(SolutionConfigurationPlatforms) = preSolution
		Debug|Any CPU = Debug|Any CPU
		Release|Any CPU = Release|Any CPU
	EndGlobalSection
	GlobalSection(ProjectConfigurationPlatforms) = postSolution
		{88D6DD1D-B452-4BCE-BDA8-0B0353DFDD68}.Debug|Any CPU.ActiveCfg = Debug|Any CPU
		{88D6DD1D-B452-4BCE-BDA8-0B0353DFDD68}.Debug|Any CPU.Build.0 = Debug|Any CPU
		{88D6DD1D-B452-4BCE-BDA8-0B0353DFDD68}.Release|Any CPU.ActiveCfg = Release|Any CPU
		{88D6DD1D-B452-4BCE-BDA8-0B0353DFDD68}.Release|Any CPU.Build.0 = Release|Any CPU
	EndGlobalSection
	GlobalSection(SolutionProperties) = preSolution
		HideSolutionNode = FALSE
	EndGlobalSection
	GlobalSection(ExtensibilityGlobals) = postSolution
		SolutionGuid = {16BF2E03-B33F-4BA7-9D65-A9E70466BDB0}
	EndGlobalSection
EndGlobal
